
Microsoft Visual Studio Solution File, Format Version 12.00
# Visual Studio Version 17
VisualStudioVersion = 17.5.2.0
MinimumVisualStudioVersion = 10.0.40219.1
Project("{FAE04EC0-301F-11D3-BF4B-00C04F79EFBC}") = "core", "core\core.csproj", "{893FE442-612F-4F75-9D60-EA2E4FC0543F}"
EndProject
Project("{FAE04EC0-301F-11D3-BF4B-00C04F79EFBC}") = "infrastructure", "infrastructure\infrastructure.csproj", "{B2F27707-3B80-4E80-8866-8BFB3BF23163}"
EndProject
Project("{FAE04EC0-301F-11D3-BF4B-00C04F79EFBC}") = "api", "api\api.csproj", "{94BE0D86-D048-48BB-BB7B-B6A7EE12FA53}"
EndProject
Global
	GlobalSection(SolutionConfigurationPlatforms) = preSolution
		Debug|Any CPU = Debug|Any CPU
		Debug|x64 = Debug|x64
		Debug|x86 = Debug|x86
		Release|Any CPU = Release|Any CPU
		Release|x64 = Release|x64
		Release|x86 = Release|x86
	EndGlobalSection
	GlobalSection(ProjectConfigurationPlatforms) = postSolution
		{893FE442-612F-4F75-9D60-EA2E4FC0543F}.Debug|Any CPU.ActiveCfg = Debug|Any CPU
		{893FE442-612F-4F75-9D60-EA2E4FC0543F}.Debug|Any CPU.Build.0 = Debug|Any CPU
		{893FE442-612F-4F75-9D60-EA2E4FC0543F}.Debug|x64.ActiveCfg = Debug|Any CPU
		{893FE442-612F-4F75-9D60-EA2E4FC0543F}.Debug|x64.Build.0 = Debug|Any CPU
		{893FE442-612F-4F75-9D60-EA2E4FC0543F}.Debug|x86.ActiveCfg = Debug|Any CPU
		{893FE442-612F-4F75-9D60-EA2E4FC0543F}.Debug|x86.Build.0 = Debug|Any CPU
		{893FE442-612F-4F75-9D60-EA2E4FC0543F}.Release|Any CPU.ActiveCfg = Release|Any CPU
		{893FE442-612F-4F75-9D60-EA2E4FC0543F}.Release|Any CPU.Build.0 = Release|Any CPU
		{893FE442-612F-4F75-9D60-EA2E4FC0543F}.Release|x64.ActiveCfg = Release|Any CPU
		{893FE442-612F-4F75-9D60-EA2E4FC0543F}.Release|x64.Build.0 = Release|Any CPU
		{893FE442-612F-4F75-9D60-EA2E4FC0543F}.Release|x86.ActiveCfg = Release|Any CPU
		{893FE442-612F-4F75-9D60-EA2E4FC0543F}.Release|x86.Build.0 = Release|Any CPU
		{B2F27707-3B80-4E80-8866-8BFB3BF23163}.Debug|Any CPU.ActiveCfg = Debug|Any CPU
		{B2F27707-3B80-4E80-8866-8BFB3BF23163}.Debug|Any CPU.Build.0 = Debug|Any CPU
		{B2F27707-3B80-4E80-8866-8BFB3BF23163}.Debug|x64.ActiveCfg = Debug|Any CPU
		{B2F27707-3B80-4E80-8866-8BFB3BF23163}.Debug|x64.Build.0 = Debug|Any CPU
		{B2F27707-3B80-4E80-8866-8BFB3BF23163}.Debug|x86.ActiveCfg = Debug|Any CPU
		{B2F27707-3B80-4E80-8866-8BFB3BF23163}.Debug|x86.Build.0 = Debug|Any CPU
		{B2F27707-3B80-4E80-8866-8BFB3BF23163}.Release|Any CPU.ActiveCfg = Release|Any CPU
		{B2F27707-3B80-4E80-8866-8BFB3BF23163}.Release|Any CPU.Build.0 = Release|Any CPU
		{B2F27707-3B80-4E80-8866-8BFB3BF23163}.Release|x64.ActiveCfg = Release|Any CPU
		{B2F27707-3B80-4E80-8866-8BFB3BF23163}.Release|x64.Build.0 = Release|Any CPU
		{B2F27707-3B80-4E80-8866-8BFB3BF23163}.Release|x86.ActiveCfg = Release|Any CPU
		{B2F27707-3B80-4E80-8866-8BFB3BF23163}.Release|x86.Build.0 = Release|Any CPU
		{94BE0D86-D048-48BB-BB7B-B6A7EE12FA53}.Debug|Any CPU.ActiveCfg = Debug|Any CPU
		{94BE0D86-D048-48BB-BB7B-B6A7EE12FA53}.Debug|Any CPU.Build.0 = Debug|Any CPU
		{94BE0D86-D048-48BB-BB7B-B6A7EE12FA53}.Debug|x64.ActiveCfg = Debug|Any CPU
		{94BE0D86-D048-48BB-BB7B-B6A7EE12FA53}.Debug|x64.Build.0 = Debug|Any CPU
		{94BE0D86-D048-48BB-BB7B-B6A7EE12FA53}.Debug|x86.ActiveCfg = Debug|Any CPU
		{94BE0D86-D048-48BB-BB7B-B6A7EE12FA53}.Debug|x86.Build.0 = Debug|Any CPU
		{94BE0D86-D048-48BB-BB7B-B6A7EE12FA53}.Release|Any CPU.ActiveCfg = Release|Any CPU
		{94BE0D86-D048-48BB-BB7B-B6A7EE12FA53}.Release|Any CPU.Build.0 = Release|Any CPU
		{94BE0D86-D048-48BB-BB7B-B6A7EE12FA53}.Release|x64.ActiveCfg = Release|Any CPU
		{94BE0D86-D048-48BB-BB7B-B6A7EE12FA53}.Release|x64.Build.0 = Release|Any CPU
		{94BE0D86-D048-48BB-BB7B-B6A7EE12FA53}.Release|x86.ActiveCfg = Release|Any CPU
		{94BE0D86-D048-48BB-BB7B-B6A7EE12FA53}.Release|x86.Build.0 = Release|Any CPU
	EndGlobalSection
	GlobalSection(SolutionProperties) = preSolution
		HideSolutionNode = FALSE
	EndGlobalSection
	GlobalSection(ExtensibilityGlobals) = postSolution
		SolutionGuid = {52FBC083-413A-493C-88B0-DA8B0A2B568E}
	EndGlobalSection
EndGlobal
